
Microsoft Visual Studio Solution File, Format Version 12.00
# Visual Studio Version 17
VisualStudioVersion = 17.5.33414.496
MinimumVisualStudioVersion = 10.0.40219.1
Project("{8BC9CEB8-8B4A-11D0-8D11-00A0C91BC942}") = "Rendering", "Rendering\Rendering.vcxproj", "{77A27A53-DE57-4CE4-A3AA-A95E7212CB23}"
	ProjectSection(ProjectDependencies) = postProject
		{B55465AD-87D0-4E4A-86DB-DB9A20BBA80E} = {B55465AD-87D0-4E4A-86DB-DB9A20BBA80E}
	EndProjectSection
EndProject
Project("{8BC9CEB8-8B4A-11D0-8D11-00A0C91BC942}") = "Client", "Client\Client.vcxproj", "{0DBCB1A5-592B-45B5-A7D6-65DBF2DD457B}"
	ProjectSection(ProjectDependencies) = postProject
		{77A27A53-DE57-4CE4-A3AA-A95E7212CB23} = {77A27A53-DE57-4CE4-A3AA-A95E7212CB23}
		{B55465AD-87D0-4E4A-86DB-DB9A20BBA80E} = {B55465AD-87D0-4E4A-86DB-DB9A20BBA80E}
	EndProjectSection
EndProject
Project("{8BC9CEB8-8B4A-11D0-8D11-00A0C91BC942}") = "Core", "Core\Core.vcxproj", "{B55465AD-87D0-4E4A-86DB-DB9A20BBA80E}"
EndProject
Project("{2150E333-8FDC-42A3-9474-1A3956D46DE8}") = "Shaders", "Shaders", "{41F1440D-11ED-4C7A-99AD-35000CD96DC8}"
	ProjectSection(SolutionItems) = preProject
		x64\Debug\Shaders\basic.frag = x64\Debug\Shaders\basic.frag
		x64\Debug\Shaders\basic.vert = x64\Debug\Shaders\basic.vert
	EndProjectSection
EndProject
Global
	GlobalSection(SolutionConfigurationPlatforms) = preSolution
		Debug|x64 = Debug|x64
		Debug|x86 = Debug|x86
		Release|x64 = Release|x64
		Release|x86 = Release|x86
	EndGlobalSection
	GlobalSection(ProjectConfigurationPlatforms) = postSolution
		{77A27A53-DE57-4CE4-A3AA-A95E7212CB23}.Debug|x64.ActiveCfg = Debug|x64
		{77A27A53-DE57-4CE4-A3AA-A95E7212CB23}.Debug|x64.Build.0 = Debug|x64
		{77A27A53-DE57-4CE4-A3AA-A95E7212CB23}.Debug|x86.ActiveCfg = Debug|Win32
		{77A27A53-DE57-4CE4-A3AA-A95E7212CB23}.Debug|x86.Build.0 = Debug|Win32
		{77A27A53-DE57-4CE4-A3AA-A95E7212CB23}.Release|x64.ActiveCfg = Release|x64
		{77A27A53-DE57-4CE4-A3AA-A95E7212CB23}.Release|x64.Build.0 = Release|x64
		{77A27A53-DE57-4CE4-A3AA-A95E7212CB23}.Release|x86.ActiveCfg = Release|Win32
		{77A27A53-DE57-4CE4-A3AA-A95E7212CB23}.Release|x86.Build.0 = Release|Win32
		{0DBCB1A5-592B-45B5-A7D6-65DBF2DD457B}.Debug|x64.ActiveCfg = Debug|x64
		{0DBCB1A5-592B-45B5-A7D6-65DBF2DD457B}.Debug|x64.Build.0 = Debug|x64
		{0DBCB1A5-592B-45B5-A7D6-65DBF2DD457B}.Debug|x86.ActiveCfg = Debug|Win32
		{0DBCB1A5-592B-45B5-A7D6-65DBF2DD457B}.Debug|x86.Build.0 = Debug|Win32
		{0DBCB1A5-592B-45B5-A7D6-65DBF2DD457B}.Release|x64.ActiveCfg = Release|x64
		{0DBCB1A5-592B-45B5-A7D6-65DBF2DD457B}.Release|x64.Build.0 = Release|x64
		{0DBCB1A5-592B-45B5-A7D6-65DBF2DD457B}.Release|x86.ActiveCfg = Release|Win32
		{0DBCB1A5-592B-45B5-A7D6-65DBF2DD457B}.Release|x86.Build.0 = Release|Win32
		{B55465AD-87D0-4E4A-86DB-DB9A20BBA80E}.Debug|x64.ActiveCfg = Debug|x64
		{B55465AD-87D0-4E4A-86DB-DB9A20BBA80E}.Debug|x64.Build.0 = Debug|x64
		{B55465AD-87D0-4E4A-86DB-DB9A20BBA80E}.Debug|x86.ActiveCfg = Debug|Win32
		{B55465AD-87D0-4E4A-86DB-DB9A20BBA80E}.Debug|x86.Build.0 = Debug|Win32
		{B55465AD-87D0-4E4A-86DB-DB9A20BBA80E}.Release|x64.ActiveCfg = Release|x64
		{B55465AD-87D0-4E4A-86DB-DB9A20BBA80E}.Release|x64.Build.0 = Release|x64
		{B55465AD-87D0-4E4A-86DB-DB9A20BBA80E}.Release|x86.ActiveCfg = Release|Win32
		{B55465AD-87D0-4E4A-86DB-DB9A20BBA80E}.Release|x86.Build.0 = Release|Win32
	EndGlobalSection
	GlobalSection(SolutionProperties) = preSolution
		HideSolutionNode = FALSE
	EndGlobalSection
	GlobalSection(ExtensibilityGlobals) = postSolution
		SolutionGuid = {D4347CDB-D072-4DD0-9C44-4BCA5CE9A801}
	EndGlobalSection
EndGlobal
